
Microsoft Visual Studio Solution File, Format Version 12.00
# Visual Studio 15
VisualStudioVersion = 15.0.28010.2036
MinimumVisualStudioVersion = 10.0.40219.1
Project("{FAE04EC0-301F-11D3-BF4B-00C04F79EFBC}") = "CessnaAkkaSpike", "CessnaAkkaSpike\CessnaAkkaSpike.csproj", "{F2048BFE-2F46-4E23-B15F-9C6F48882C31}"
EndProject
Global
	GlobalSection(SolutionConfigurationPlatforms) = preSolution
		Debug|Any CPU = Debug|Any CPU
		Release|Any CPU = Release|Any CPU
	EndGlobalSection
	GlobalSection(ProjectConfigurationPlatforms) = postSolution
		{F2048BFE-2F46-4E23-B15F-9C6F48882C31}.Debug|Any CPU.ActiveCfg = Debug|Any CPU
		{F2048BFE-2F46-4E23-B15F-9C6F48882C31}.Debug|Any CPU.Build.0 = Debug|Any CPU
		{F2048BFE-2F46-4E23-B15F-9C6F48882C31}.Release|Any CPU.ActiveCfg = Release|Any CPU
		{F2048BFE-2F46-4E23-B15F-9C6F48882C31}.Release|Any CPU.Build.0 = Release|Any CPU
	EndGlobalSection
	GlobalSection(SolutionProperties) = preSolution
		HideSolutionNode = FALSE
	EndGlobalSection
	GlobalSection(ExtensibilityGlobals) = postSolution
		SolutionGuid = {F20DCF92-3069-425C-A593-CE273DFB825D}
	EndGlobalSection
EndGlobal
